
Microsoft Visual Studio Solution File, Format Version 12.00
# Visual Studio Version 17
VisualStudioVersion = 17.3.32901.215
MinimumVisualStudioVersion = 10.0.40219.1
Project("{FAE04EC0-301F-11D3-BF4B-00C04F79EFBC}") = "lab2", "lab2\lab2.csproj", "{D27677FA-16E3-4E1D-A3D6-F0895D138EBE}"
EndProject
Global
	GlobalSection(SolutionConfigurationPlatforms) = preSolution
		Debug|Any CPU = Debug|Any CPU
		Release|Any CPU = Release|Any CPU
	EndGlobalSection
	GlobalSection(ProjectConfigurationPlatforms) = postSolution
		{D27677FA-16E3-4E1D-A3D6-F0895D138EBE}.Debug|Any CPU.ActiveCfg = Debug|Any CPU
		{D27677FA-16E3-4E1D-A3D6-F0895D138EBE}.Debug|Any CPU.Build.0 = Debug|Any CPU
		{D27677FA-16E3-4E1D-A3D6-F0895D138EBE}.Release|Any CPU.ActiveCfg = Release|Any CPU
		{D27677FA-16E3-4E1D-A3D6-F0895D138EBE}.Release|Any CPU.Build.0 = Release|Any CPU
	EndGlobalSection
	GlobalSection(SolutionProperties) = preSolution
		HideSolutionNode = FALSE
	EndGlobalSection
	GlobalSection(ExtensibilityGlobals) = postSolution
		SolutionGuid = {D51F28A8-F0A7-4465-96D3-BFDFBB1A3974}
	EndGlobalSection
EndGlobal
